{
  "requires": true,
  "lockfileVersion": 1,
  "dependencies": {
    "@ngxs/devtools-plugin": {
      "version": "3.6.0",
      "resolved": "https://registry.npmjs.org/@ngxs/devtools-plugin/-/devtools-plugin-3.6.0.tgz",
      "integrity": "sha512-HzQfTLkBoFu2BTKhNgsPm6fZJXlUEv+Vafwdvqr+/pqle4Lm37XaPx1tVswGV0ldMh/SdC+XdRMXMN3lkMIGAg==",
      "requires": {
        "tslib": "^1.9.0"
      }
    },
    "@ngxs/logger-plugin": {
      "version": "3.6.0",
      "resolved": "https://registry.npmjs.org/@ngxs/logger-plugin/-/logger-plugin-3.6.0.tgz",
      "integrity": "sha512-rMxeD0Otm2O3aHMBXxmxU7zy5p3QS0/CI0je8tQolrQjFOOO02In2FeLeMI6uPzVSsidgGXtlEt5D7J3UTCTVQ==",
      "requires": {
        "tslib": "^1.9.0"
      }
    },
    "@ngxs/store": {
      "version": "3.6.0",
      "resolved": "https://registry.npmjs.org/@ngxs/store/-/store-3.6.0.tgz",
      "integrity": "sha512-SE/2XK83snCDUj1c3iLRKp7YgCfBb9I+b+N82i1k5odn14oWvnalzB6oComu8zDwxzpD92Gt3CoZWr0V8Xct+A==",
      "requires": {
        "tslib": "^1.9.0"
      }
    },
    "tslib": {
      "version": "1.10.0",
      "resolved": "https://registry.npmjs.org/tslib/-/tslib-1.10.0.tgz",
      "integrity": "sha512-qOebF53frne81cf0S9B41ByenJ3/IuH8yJKngAX35CmiZySA0khhkovshKK+jGCaMnVomla7gVlIcc3EvKPbTQ=="
    }
  }
}
